// !$*UTF8*$!
{
	archiveVersion = 1;
	classes = {
	};
	objectVersion = 56;
	objects = {

/* Begin PBXBuildFile section */
		A8572C0329D2078C00934FB6 /* AppDelegate.swift in Sources */ = {isa = PBXBuildFile; fileRef = A8572C0229D2078C00934FB6 /* AppDelegate.swift */; };
		A8572C0529D2078C00934FB6 /* SceneDelegate.swift in Sources */ = {isa = PBXBuildFile; fileRef = A8572C0429D2078C00934FB6 /* SceneDelegate.swift */; };
		A8572C0A29D2078C00934FB6 /* Main.storyboard in Resources */ = {isa = PBXBuildFile; fileRef = A8572C0829D2078C00934FB6 /* Main.storyboard */; };
		A8572C0C29D2078D00934FB6 /* Assets.xcassets in Resources */ = {isa = PBXBuildFile; fileRef = A8572C0B29D2078D00934FB6 /* Assets.xcassets */; };
		A8572C0F29D2078D00934FB6 /* LaunchScreen.storyboard in Resources */ = {isa = PBXBuildFile; fileRef = A8572C0D29D2078D00934FB6 /* LaunchScreen.storyboard */; };
		A8572C1B29D207D800934FB6 /* NetworkManager.swift in Sources */ = {isa = PBXBuildFile; fileRef = A8572C1A29D207D800934FB6 /* NetworkManager.swift */; };
		A8F45E2A29D20A4B00C5BE6A /* MainViewController.swift in Sources */ = {isa = PBXBuildFile; fileRef = A8F45E2929D20A4B00C5BE6A /* MainViewController.swift */; };
		A8F45E2D29D20B3E00C5BE6A /* Alamofire in Frameworks */ = {isa = PBXBuildFile; productRef = A8F45E2C29D20B3E00C5BE6A /* Alamofire */; };
		A8F45E2F29D20C9900C5BE6A /* Quote.swift in Sources */ = {isa = PBXBuildFile; fileRef = A8F45E2E29D20C9900C5BE6A /* Quote.swift */; };
/* End PBXBuildFile section */

/* Begin PBXFileReference section */
		A8572BFF29D2078C00934FB6 /* TheSimpsonsAPI.app */ = {isa = PBXFileReference; explicitFileType = wrapper.application; includeInIndex = 0; path = TheSimpsonsAPI.app; sourceTree = BUILT_PRODUCTS_DIR; };
		A8572C0229D2078C00934FB6 /* AppDelegate.swift */ = {isa = PBXFileReference; lastKnownFileType = sourcecode.swift; path = AppDelegate.swift; sourceTree = "<group>"; };
		A8572C0429D2078C00934FB6 /* SceneDelegate.swift */ = {isa = PBXFileReference; lastKnownFileType = sourcecode.swift; path = SceneDelegate.swift; sourceTree = "<group>"; };
		A8572C0929D2078C00934FB6 /* Base */ = {isa = PBXFileReference; lastKnownFileType = file.storyboard; name = Base; path = Base.lproj/Main.storyboard; sourceTree = "<group>"; };
		A8572C0B29D2078D00934FB6 /* Assets.xcassets */ = {isa = PBXFileReference; lastKnownFileType = folder.assetcatalog; path = Assets.xcassets; sourceTree = "<group>"; };
		A8572C0E29D2078D00934FB6 /* Base */ = {isa = PBXFileReference; lastKnownFileType = file.storyboard; name = Base; path = Base.lproj/LaunchScreen.storyboard; sourceTree = "<group>"; };
		A8572C1029D2078D00934FB6 /* Info.plist */ = {isa = PBXFileReference; lastKnownFileType = text.plist.xml; path = Info.plist; sourceTree = "<group>"; };
		A8572C1A29D207D800934FB6 /* NetworkManager.swift */ = {isa = PBXFileReference; lastKnownFileType = sourcecode.swift; path = NetworkManager.swift; sourceTree = "<group>"; };
		A8F45E2929D20A4B00C5BE6A /* MainViewController.swift */ = {isa = PBXFileReference; lastKnownFileType = sourcecode.swift; path = MainViewController.swift; sourceTree = "<group>"; };
		A8F45E2E29D20C9900C5BE6A /* Quote.swift */ = {isa = PBXFileReference; lastKnownFileType = sourcecode.swift; path = Quote.swift; sourceTree = "<group>"; };
/* End PBXFileReference section */

/* Begin PBXFrameworksBuildPhase section */
		A8572BFC29D2078C00934FB6 /* Frameworks */ = {
			isa = PBXFrameworksBuildPhase;
			buildActionMask = 2147483647;
			files = (
				A8F45E2D29D20B3E00C5BE6A /* Alamofire in Frameworks */,
			);
			runOnlyForDeploymentPostprocessing = 0;
		};
/* End PBXFrameworksBuildPhase section */

/* Begin PBXGroup section */
		A8572BF629D2078C00934FB6 = {
			isa = PBXGroup;
			children = (
				A8572C0129D2078C00934FB6 /* TheSimpsonsAPI */,
				A8572C0029D2078C00934FB6 /* Products */,
			);
			sourceTree = "<group>";
		};
		A8572C0029D2078C00934FB6 /* Products */ = {
			isa = PBXGroup;
			children = (
				A8572BFF29D2078C00934FB6 /* TheSimpsonsAPI.app */,
			);
			name = Products;
			sourceTree = "<group>";
		};
		A8572C0129D2078C00934FB6 /* TheSimpsonsAPI */ = {
			isa = PBXGroup;
			children = (
				A8572C1E29D209B700934FB6 /* Models */,
				A8572C1729D207AF00934FB6 /* ViewControllers */,
				A8572C1929D207CD00934FB6 /* Services */,
				A8572C1629D207A800934FB6 /* App */,
				A8572C1829D207B900934FB6 /* Storyboards */,
				A8572C0B29D2078D00934FB6 /* Assets.xcassets */,
			);
			path = TheSimpsonsAPI;
			sourceTree = "<group>";
		};
		A8572C1629D207A800934FB6 /* App */ = {
			isa = PBXGroup;
			children = (
				A8572C0229D2078C00934FB6 /* AppDelegate.swift */,
				A8572C0429D2078C00934FB6 /* SceneDelegate.swift */,
				A8572C1029D2078D00934FB6 /* Info.plist */,
			);
			path = App;
			sourceTree = "<group>";
		};
		A8572C1729D207AF00934FB6 /* ViewControllers */ = {
			isa = PBXGroup;
			children = (
				A8F45E2929D20A4B00C5BE6A /* MainViewController.swift */,
			);
			path = ViewControllers;
			sourceTree = "<group>";
		};
		A8572C1829D207B900934FB6 /* Storyboards */ = {
			isa = PBXGroup;
			children = (
				A8572C0829D2078C00934FB6 /* Main.storyboard */,
				A8572C0D29D2078D00934FB6 /* LaunchScreen.storyboard */,
			);
			path = Storyboards;
			sourceTree = "<group>";
		};
		A8572C1929D207CD00934FB6 /* Services */ = {
			isa = PBXGroup;
			children = (
				A8572C1A29D207D800934FB6 /* NetworkManager.swift */,
			);
			path = Services;
			sourceTree = "<group>";
		};
		A8572C1E29D209B700934FB6 /* Models */ = {
			isa = PBXGroup;
			children = (
				A8F45E2E29D20C9900C5BE6A /* Quote.swift */,
			);
			path = Models;
			sourceTree = "<group>";
		};
/* End PBXGroup section */

/* Begin PBXNativeTarget section */
		A8572BFE29D2078C00934FB6 /* TheSimpsonsAPI */ = {
			isa = PBXNativeTarget;
			buildConfigurationList = A8572C1329D2078D00934FB6 /* Build configuration list for PBXNativeTarget "TheSimpsonsAPI" */;
			buildPhases = (
				A8572BFB29D2078C00934FB6 /* Sources */,
				A8572BFC29D2078C00934FB6 /* Frameworks */,
				A8572BFD29D2078C00934FB6 /* Resources */,
			);
			buildRules = (
			);
			dependencies = (
			);
			name = TheSimpsonsAPI;
			packageProductDependencies = (
				A8F45E2C29D20B3E00C5BE6A /* Alamofire */,
			);
			productName = TheSimpsonsAPI;
			productReference = A8572BFF29D2078C00934FB6 /* TheSimpsonsAPI.app */;
			productType = "com.apple.product-type.application";
		};
/* End PBXNativeTarget section */

/* Begin PBXProject section */
		A8572BF729D2078C00934FB6 /* Project object */ = {
			isa = PBXProject;
			attributes = {
				BuildIndependentTargetsInParallel = 1;
				LastSwiftUpdateCheck = 1420;
				LastUpgradeCheck = 1420;
				TargetAttributes = {
					A8572BFE29D2078C00934FB6 = {
						CreatedOnToolsVersion = 14.2;
					};
				};
			};
			buildConfigurationList = A8572BFA29D2078C00934FB6 /* Build configuration list for PBXProject "TheSimpsonsAPI" */;
			compatibilityVersion = "Xcode 14.0";
			developmentRegion = en;
			hasScannedForEncodings = 0;
			knownRegions = (
				en,
				Base,
			);
			mainGroup = A8572BF629D2078C00934FB6;
			packageReferences = (
				A8F45E2B29D20B3E00C5BE6A /* XCRemoteSwiftPackageReference "Alamofire" */,
			);
			productRefGroup = A8572C0029D2078C00934FB6 /* Products */;
			projectDirPath = "";
			projectRoot = "";
			targets = (
				A8572BFE29D2078C00934FB6 /* TheSimpsonsAPI */,
			);
		};
/* End PBXProject section */

/* Begin PBXResourcesBuildPhase section */
		A8572BFD29D2078C00934FB6 /* Resources */ = {
			isa = PBXResourcesBuildPhase;
			buildActionMask = 2147483647;
			files = (
				A8572C0F29D2078D00934FB6 /* LaunchScreen.storyboard in Resources */,
				A8572C0C29D2078D00934FB6 /* Assets.xcassets in Resources */,
				A8572C0A29D2078C00934FB6 /* Main.storyboard in Resources */,
			);
			runOnlyForDeploymentPostprocessing = 0;
		};
/* End PBXResourcesBuildPhase section */

/* Begin PBXSourcesBuildPhase section */
		A8572BFB29D2078C00934FB6 /* Sources */ = {
			isa = PBXSourcesBuildPhase;
			buildActionMask = 2147483647;
			files = (
				A8572C1B29D207D800934FB6 /* NetworkManager.swift in Sources */,
				A8572C0329D2078C00934FB6 /* AppDelegate.swift in Sources */,
				A8572C0529D2078C00934FB6 /* SceneDelegate.swift in Sources */,
				A8F45E2F29D20C9900C5BE6A /* Quote.swift in Sources */,
				A8F45E2A29D20A4B00C5BE6A /* MainViewController.swift in Sources */,
			);
			runOnlyForDeploymentPostprocessing = 0;
		};
/* End PBXSourcesBuildPhase section */

/* Begin PBXVariantGroup section */
		A8572C0829D2078C00934FB6 /* Main.storyboard */ = {
			isa = PBXVariantGroup;
			children = (
				A8572C0929D2078C00934FB6 /* Base */,
			);
			name = Main.storyboard;
			sourceTree = "<group>";
		};
		A8572C0D29D2078D00934FB6 /* LaunchScreen.storyboard */ = {
			isa = PBXVariantGroup;
			children = (
				A8572C0E29D2078D00934FB6 /* Base */,
			);
			name = LaunchScreen.storyboard;
			sourceTree = "<group>";
		};
/* End PBXVariantGroup section */

/* Begin XCBuildConfiguration section */
		A8572C1129D2078D00934FB6 /* Debug */ = {
			isa = XCBuildConfiguration;
			buildSettings = {
				ALWAYS_SEARCH_USER_PATHS = NO;
				CLANG_ANALYZER_NONNULL = YES;
				CLANG_ANALYZER_NUMBER_OBJECT_CONVERSION = YES_AGGRESSIVE;
				CLANG_CXX_LANGUAGE_STANDARD = "gnu++20";
				CLANG_ENABLE_MODULES = YES;
				CLANG_ENABLE_OBJC_ARC = YES;
				CLANG_ENABLE_OBJC_WEAK = YES;
				CLANG_WARN_BLOCK_CAPTURE_AUTORELEASING = YES;
				CLANG_WARN_BOOL_CONVERSION = YES;
				CLANG_WARN_COMMA = YES;
				CLANG_WARN_CONSTANT_CONVERSION = YES;
				CLANG_WARN_DEPRECATED_OBJC_IMPLEMENTATIONS = YES;
				CLANG_WARN_DIRECT_OBJC_ISA_USAGE = YES_ERROR;
				CLANG_WARN_DOCUMENTATION_COMMENTS = YES;
				CLANG_WARN_EMPTY_BODY = YES;
				CLANG_WARN_ENUM_CONVERSION = YES;
				CLANG_WARN_INFINITE_RECURSION = YES;
				CLANG_WARN_INT_CONVERSION = YES;
				CLANG_WARN_NON_LITERAL_NULL_CONVERSION = YES;
				CLANG_WARN_OBJC_IMPLICIT_RETAIN_SELF = YES;
				CLANG_WARN_OBJC_LITERAL_CONVERSION = YES;
				CLANG_WARN_OBJC_ROOT_CLASS = YES_ERROR;
				CLANG_WARN_QUOTED_INCLUDE_IN_FRAMEWORK_HEADER = YES;
				CLANG_WARN_RANGE_LOOP_ANALYSIS = YES;
				CLANG_WARN_STRICT_PROTOTYPES = YES;
				CLANG_WARN_SUSPICIOUS_MOVE = YES;
				CLANG_WARN_UNGUARDED_AVAILABILITY = YES_AGGRESSIVE;
				CLANG_WARN_UNREACHABLE_CODE = YES;
				CLANG_WARN__DUPLICATE_METHOD_MATCH = YES;
				COPY_PHASE_STRIP = NO;
				DEBUG_INFORMATION_FORMAT = dwarf;
				ENABLE_STRICT_OBJC_MSGSEND = YES;
				ENABLE_TESTABILITY = YES;
				GCC_C_LANGUAGE_STANDARD = gnu11;
				GCC_DYNAMIC_NO_PIC = NO;
				GCC_NO_COMMON_BLOCKS = YES;
				GCC_OPTIMIZATION_LEVEL = 0;
				GCC_PREPROCESSOR_DEFINITIONS = (
					"DEBUG=1",
					"$(inherited)",
				);
				GCC_WARN_64_TO_32_BIT_CONVERSION = YES;
				GCC_WARN_ABOUT_RETURN_TYPE = YES_ERROR;
				GCC_WARN_UNDECLARED_SELECTOR = YES;
				GCC_WARN_UNINITIALIZED_AUTOS = YES_AGGRESSIVE;
				GCC_WARN_UNUSED_FUNCTION = YES;
				GCC_WARN_UNUSED_VARIABLE = YES;
				IPHONEOS_DEPLOYMENT_TARGET = 16.2;
				MTL_ENABLE_DEBUG_INFO = INCLUDE_SOURCE;
				MTL_FAST_MATH = YES;
				ONLY_ACTIVE_ARCH = YES;
				SDKROOT = iphoneos;
				SWIFT_ACTIVE_COMPILATION_CONDITIONS = DEBUG;
				SWIFT_OPTIMIZATION_LEVEL = "-Onone";
			};
			name = Debug;
		};
		A8572C1229D2078D00934FB6 /* Release */ = {
			isa = XCBuildConfiguration;
			buildSettings = {
				ALWAYS_SEARCH_USER_PATHS = NO;
				CLANG_ANALYZER_NONNULL = YES;
				CLANG_ANALYZER_NUMBER_OBJECT_CONVERSION = YES_AGGRESSIVE;
				CLANG_CXX_LANGUAGE_STANDARD = "gnu++20";
				CLANG_ENABLE_MODULES = YES;
				CLANG_ENABLE_OBJC_ARC = YES;
				CLANG_ENABLE_OBJC_WEAK = YES;
				CLANG_WARN_BLOCK_CAPTURE_AUTORELEASING = YES;
				CLANG_WARN_BOOL_CONVERSION = YES;
				CLANG_WARN_COMMA = YES;
				CLANG_WARN_CONSTANT_CONVERSION = YES;
				CLANG_WARN_DEPRECATED_OBJC_IMPLEMENTATIONS = YES;
				CLANG_WARN_DIRECT_OBJC_ISA_USAGE = YES_ERROR;
				CLANG_WARN_DOCUMENTATION_COMMENTS = YES;
				CLANG_WARN_EMPTY_BODY = YES;
				CLANG_WARN_ENUM_CONVERSION = YES;
				CLANG_WARN_INFINITE_RECURSION = YES;
				CLANG_WARN_INT_CONVERSION = YES;
				CLANG_WARN_NON_LITERAL_NULL_CONVERSION = YES;
				CLANG_WARN_OBJC_IMPLICIT_RETAIN_SELF = YES;
				CLANG_WARN_OBJC_LITERAL_CONVERSION = YES;
				CLANG_WARN_OBJC_ROOT_CLASS = YES_ERROR;
				CLANG_WARN_QUOTED_INCLUDE_IN_FRAMEWORK_HEADER = YES;
				CLANG_WARN_RANGE_LOOP_ANALYSIS = YES;
				CLANG_WARN_STRICT_PROTOTYPES = YES;
				CLANG_WARN_SUSPICIOUS_MOVE = YES;
				CLANG_WARN_UNGUARDED_AVAILABILITY = YES_AGGRESSIVE;
				CLANG_WARN_UNREACHABLE_CODE = YES;
				CLANG_WARN__DUPLICATE_METHOD_MATCH = YES;
				COPY_PHASE_STRIP = NO;
				DEBUG_INFORMATION_FORMAT = "dwarf-with-dsym";
				ENABLE_NS_ASSERTIONS = NO;
				ENABLE_STRICT_OBJC_MSGSEND = YES;
				GCC_C_LANGUAGE_STANDARD = gnu11;
				GCC_NO_COMMON_BLOCKS = YES;
				GCC_WARN_64_TO_32_BIT_CONVERSION = YES;
				GCC_WARN_ABOUT_RETURN_TYPE = YES_ERROR;
				GCC_WARN_UNDECLARED_SELECTOR = YES;
				GCC_WARN_UNINITIALIZED_AUTOS = YES_AGGRESSIVE;
				GCC_WARN_UNUSED_FUNCTION = YES;
				GCC_WARN_UNUSED_VARIABLE = YES;
				IPHONEOS_DEPLOYMENT_TARGET = 16.2;
				MTL_ENABLE_DEBUG_INFO = NO;
				MTL_FAST_MATH = YES;
				SDKROOT = iphoneos;
				SWIFT_COMPILATION_MODE = wholemodule;
				SWIFT_OPTIMIZATION_LEVEL = "-O";
				VALIDATE_PRODUCT = YES;
			};
			name = Release;
		};
		A8572C1429D2078D00934FB6 /* Debug */ = {
			isa = XCBuildConfiguration;
			buildSettings = {
				ASSETCATALOG_COMPILER_APPICON_NAME = AppIcon;
				ASSETCATALOG_COMPILER_GLOBAL_ACCENT_COLOR_NAME = AccentColor;
				CODE_SIGN_STYLE = Automatic;
				CURRENT_PROJECT_VERSION = 1;
				DEVELOPMENT_TEAM = CHYW2NTRQ3;
				GENERATE_INFOPLIST_FILE = YES;
				INFOPLIST_FILE = TheSimpsonsAPI/App/Info.plist;
				INFOPLIST_KEY_UIApplicationSupportsIndirectInputEvents = YES;
				INFOPLIST_KEY_UILaunchStoryboardName = LaunchScreen;
				INFOPLIST_KEY_UIMainStoryboardFile = Main;
				INFOPLIST_KEY_UISupportedInterfaceOrientations = UIInterfaceOrientationPortrait;
				INFOPLIST_KEY_UISupportedInterfaceOrientations_iPad = "UIInterfaceOrientationLandscapeLeft UIInterfaceOrientationLandscapeRight UIInterfaceOrientationPortrait UIInterfaceOrientationPortraitUpsideDown";
				IPHONEOS_DEPLOYMENT_TARGET = 16.0;
				LD_RUNPATH_SEARCH_PATHS = (
					"$(inherited)",
					"@executable_path/Frameworks",
				);
				MARKETING_VERSION = 1.0;
				PRODUCT_BUNDLE_IDENTIFIER = "Igor-Solodyankin.TheSimpsonsAPI";
				PRODUCT_NAME = "$(TARGET_NAME)";
				SUPPORTED_PLATFORMS = "iphoneos iphonesimulator";
				SUPPORTS_MACCATALYST = NO;
				SUPPORTS_MAC_DESIGNED_FOR_IPHONE_IPAD = NO;
				SWIFT_EMIT_LOC_STRINGS = YES;
				SWIFT_VERSION = 5.0;
				TARGETED_DEVICE_FAMILY = 1;
			};
			name = Debug;
		};
		A8572C1529D2078D00934FB6 /* Release */ = {
			isa = XCBuildConfiguration;
			buildSettings = {
				ASSETCATALOG_COMPILER_APPICON_NAME = AppIcon;
				ASSETCATALOG_COMPILER_GLOBAL_ACCENT_COLOR_NAME = AccentColor;
				CODE_SIGN_STYLE = Automatic;
				CURRENT_PROJECT_VERSION = 1;
				DEVELOPMENT_TEAM = CHYW2NTRQ3;
				GENERATE_INFOPLIST_FILE = YES;
				INFOPLIST_FILE = TheSimpsonsAPI/App/Info.plist;
				INFOPLIST_KEY_UIApplicationSupportsIndirectInputEvents = YES;
				INFOPLIST_KEY_UILaunchStoryboardName = LaunchScreen;
				INFOPLIST_KEY_UIMainStoryboardFile = Main;
				INFOPLIST_KEY_UISupportedInterfaceOrientations = UIInterfaceOrientationPortrait;
				INFOPLIST_KEY_UISupportedInterfaceOrientations_iPad = "UIInterfaceOrientationLandscapeLeft UIInterfaceOrientationLandscapeRight UIInterfaceOrientationPortrait UIInterfaceOrientationPortraitUpsideDown";
				IPHONEOS_DEPLOYMENT_TARGET = 16.0;
				LD_RUNPATH_SEARCH_PATHS = (
					"$(inherited)",
					"@executable_path/Frameworks",
				);
				MARKETING_VERSION = 1.0;
				PRODUCT_BUNDLE_IDENTIFIER = "Igor-Solodyankin.TheSimpsonsAPI";
				PRODUCT_NAME = "$(TARGET_NAME)";
				SUPPORTED_PLATFORMS = "iphoneos iphonesimulator";
				SUPPORTS_MACCATALYST = NO;
				SUPPORTS_MAC_DESIGNED_FOR_IPHONE_IPAD = NO;
				SWIFT_EMIT_LOC_STRINGS = YES;
				SWIFT_VERSION = 5.0;
				TARGETED_DEVICE_FAMILY = 1;
			};
			name = Release;
		};
/* End XCBuildConfiguration section */

/* Begin XCConfigurationList section */
		A8572BFA29D2078C00934FB6 /* Build configuration list for PBXProject "TheSimpsonsAPI" */ = {
			isa = XCConfigurationList;
			buildConfigurations = (
				A8572C1129D2078D00934FB6 /* Debug */,
				A8572C1229D2078D00934FB6 /* Release */,
			);
			defaultConfigurationIsVisible = 0;
			defaultConfigurationName = Release;
		};
		A8572C1329D2078D00934FB6 /* Build configuration list for PBXNativeTarget "TheSimpsonsAPI" */ = {
			isa = XCConfigurationList;
			buildConfigurations = (
				A8572C1429D2078D00934FB6 /* Debug */,
				A8572C1529D2078D00934FB6 /* Release */,
			);
			defaultConfigurationIsVisible = 0;
			defaultConfigurationName = Release;
		};
/* End XCConfigurationList section */

/* Begin XCRemoteSwiftPackageReference section */
		A8F45E2B29D20B3E00C5BE6A /* XCRemoteSwiftPackageReference "Alamofire" */ = {
			isa = XCRemoteSwiftPackageReference;
			repositoryURL = "https://github.com/Alamofire/Alamofire";
			requirement = {
				kind = exactVersion;
				version = 5.0.0;
			};
		};
/* End XCRemoteSwiftPackageReference section */

/* Begin XCSwiftPackageProductDependency section */
		A8F45E2C29D20B3E00C5BE6A /* Alamofire */ = {
			isa = XCSwiftPackageProductDependency;
			package = A8F45E2B29D20B3E00C5BE6A /* XCRemoteSwiftPackageReference "Alamofire" */;
			productName = Alamofire;
		};
/* End XCSwiftPackageProductDependency section */
	};
	rootObject = A8572BF729D2078C00934FB6 /* Project object */;
}
